
Microsoft Visual Studio Solution File, Format Version 12.00
# Visual Studio Version 16
VisualStudioVersion = 16.0.30104.148
MinimumVisualStudioVersion = 10.0.40219.1
Project("{FAE04EC0-301F-11D3-BF4B-00C04F79EFBC}") = "LandoApi", "LandoApi\LandoApi.csproj", "{F872EDE4-2216-4B22-885A-6CF630DFEC54}"
EndProject
Global
	GlobalSection(SolutionConfigurationPlatforms) = preSolution
		Debug|Any CPU = Debug|Any CPU
		Release|Any CPU = Release|Any CPU
	EndGlobalSection
	GlobalSection(ProjectConfigurationPlatforms) = postSolution
		{F872EDE4-2216-4B22-885A-6CF630DFEC54}.Debug|Any CPU.ActiveCfg = Debug|Any CPU
		{F872EDE4-2216-4B22-885A-6CF630DFEC54}.Debug|Any CPU.Build.0 = Debug|Any CPU
		{F872EDE4-2216-4B22-885A-6CF630DFEC54}.Release|Any CPU.ActiveCfg = Release|Any CPU
		{F872EDE4-2216-4B22-885A-6CF630DFEC54}.Release|Any CPU.Build.0 = Release|Any CPU
	EndGlobalSection
	GlobalSection(SolutionProperties) = preSolution
		HideSolutionNode = FALSE
	EndGlobalSection
	GlobalSection(ExtensibilityGlobals) = postSolution
		SolutionGuid = {4B92F9DF-1F1F-42C4-A934-20946E9E317B}
	EndGlobalSection
EndGlobal
